// !$*UTF8*$!
{
	archiveVersion = 1;
	classes = {
	};
	objectVersion = 50;
	objects = {

/* Begin PBXBuildFile section */
		555ED68F2208EA5000A78B14 /* HouseDetailViewController.swift in Sources */ = {isa = PBXBuildFile; fileRef = 555ED68D2208EA5000A78B14 /* HouseDetailViewController.swift */; };
		555ED6902208EA5000A78B14 /* HouseDetailViewController.xib in Resources */ = {isa = PBXBuildFile; fileRef = 555ED68E2208EA5000A78B14 /* HouseDetailViewController.xib */; };
		555ED69E2208F3B000A78B14 /* codeiscoming.png in Resources */ = {isa = PBXBuildFile; fileRef = 555ED69B2208F3B000A78B14 /* codeiscoming.png */; };
		555ED69F2208F3B000A78B14 /* lannister.jpg in Resources */ = {isa = PBXBuildFile; fileRef = 555ED69C2208F3B000A78B14 /* lannister.jpg */; };
		555ED6A02208F3B000A78B14 /* targaryenSmall.jpg in Resources */ = {isa = PBXBuildFile; fileRef = 555ED69D2208F3B000A78B14 /* targaryenSmall.jpg */; };
		555ED6A32208FF0300A78B14 /* UIViewController+Navigation.swift in Sources */ = {isa = PBXBuildFile; fileRef = 555ED6A22208FF0300A78B14 /* UIViewController+Navigation.swift */; };
		55D07CB4220392AF007C03F4 /* AppDelegate.swift in Sources */ = {isa = PBXBuildFile; fileRef = 55D07CB3220392AF007C03F4 /* AppDelegate.swift */; };
		55D07CBB220392B1007C03F4 /* Assets.xcassets in Resources */ = {isa = PBXBuildFile; fileRef = 55D07CBA220392B1007C03F4 /* Assets.xcassets */; };
		55D07CBE220392B1007C03F4 /* LaunchScreen.storyboard in Resources */ = {isa = PBXBuildFile; fileRef = 55D07CBC220392B1007C03F4 /* LaunchScreen.storyboard */; };
		55D07CD422039C3B007C03F4 /* HouseTests.swift in Sources */ = {isa = PBXBuildFile; fileRef = 55D07CD322039C3B007C03F4 /* HouseTests.swift */; };
		55D07CD722039E34007C03F4 /* House.swift in Sources */ = {isa = PBXBuildFile; fileRef = 55D07CD622039E34007C03F4 /* House.swift */; };
		55D07CD92203A6E5007C03F4 /* Sigil.swift in Sources */ = {isa = PBXBuildFile; fileRef = 55D07CD82203A6E5007C03F4 /* Sigil.swift */; };
		55D07CDB2203A8A7007C03F4 /* PersonTests.swift in Sources */ = {isa = PBXBuildFile; fileRef = 55D07CDA2203A8A7007C03F4 /* PersonTests.swift */; };
		55D07CDD2203A9EB007C03F4 /* Person.swift in Sources */ = {isa = PBXBuildFile; fileRef = 55D07CDC2203A9EB007C03F4 /* Person.swift */; };
/* End PBXBuildFile section */

/* Begin PBXContainerItemProxy section */
		55D07CC5220392B2007C03F4 /* PBXContainerItemProxy */ = {
			isa = PBXContainerItemProxy;
			containerPortal = 55D07CA8220392AF007C03F4 /* Project object */;
			proxyType = 1;
			remoteGlobalIDString = 55D07CAF220392AF007C03F4;
			remoteInfo = Westeros;
		};
/* End PBXContainerItemProxy section */

/* Begin PBXFileReference section */
		555ED68D2208EA5000A78B14 /* HouseDetailViewController.swift */ = {isa = PBXFileReference; lastKnownFileType = sourcecode.swift; path = HouseDetailViewController.swift; sourceTree = "<group>"; };
		555ED68E2208EA5000A78B14 /* HouseDetailViewController.xib */ = {isa = PBXFileReference; lastKnownFileType = file.xib; path = HouseDetailViewController.xib; sourceTree = "<group>"; };
		555ED69B2208F3B000A78B14 /* codeiscoming.png */ = {isa = PBXFileReference; lastKnownFileType = image.png; name = codeiscoming.png; path = ../../../../../../Downloads/codeiscoming.png; sourceTree = "<group>"; };
		555ED69C2208F3B000A78B14 /* lannister.jpg */ = {isa = PBXFileReference; lastKnownFileType = image.jpeg; name = lannister.jpg; path = ../../../../../../Downloads/lannister.jpg; sourceTree = "<group>"; };
		555ED69D2208F3B000A78B14 /* targaryenSmall.jpg */ = {isa = PBXFileReference; lastKnownFileType = image.jpeg; name = targaryenSmall.jpg; path = ../../../../../../Downloads/targaryenSmall.jpg; sourceTree = "<group>"; };
		555ED6A22208FF0300A78B14 /* UIViewController+Navigation.swift */ = {isa = PBXFileReference; lastKnownFileType = sourcecode.swift; path = "UIViewController+Navigation.swift"; sourceTree = "<group>"; };
		55D07CB0220392AF007C03F4 /* Westeros.app */ = {isa = PBXFileReference; explicitFileType = wrapper.application; includeInIndex = 0; path = Westeros.app; sourceTree = BUILT_PRODUCTS_DIR; };
		55D07CB3220392AF007C03F4 /* AppDelegate.swift */ = {isa = PBXFileReference; lastKnownFileType = sourcecode.swift; path = AppDelegate.swift; sourceTree = "<group>"; };
		55D07CBA220392B1007C03F4 /* Assets.xcassets */ = {isa = PBXFileReference; lastKnownFileType = folder.assetcatalog; path = Assets.xcassets; sourceTree = "<group>"; };
		55D07CBD220392B1007C03F4 /* Base */ = {isa = PBXFileReference; lastKnownFileType = file.storyboard; name = Base; path = Base.lproj/LaunchScreen.storyboard; sourceTree = "<group>"; };
		55D07CBF220392B1007C03F4 /* Info.plist */ = {isa = PBXFileReference; lastKnownFileType = text.plist.xml; path = Info.plist; sourceTree = "<group>"; };
		55D07CC4220392B2007C03F4 /* WesterosTests.xctest */ = {isa = PBXFileReference; explicitFileType = wrapper.cfbundle; includeInIndex = 0; path = WesterosTests.xctest; sourceTree = BUILT_PRODUCTS_DIR; };
		55D07CCA220392B2007C03F4 /* Info.plist */ = {isa = PBXFileReference; lastKnownFileType = text.plist.xml; path = Info.plist; sourceTree = "<group>"; };
		55D07CD322039C3B007C03F4 /* HouseTests.swift */ = {isa = PBXFileReference; lastKnownFileType = sourcecode.swift; path = HouseTests.swift; sourceTree = "<group>"; };
		55D07CD622039E34007C03F4 /* House.swift */ = {isa = PBXFileReference; lastKnownFileType = sourcecode.swift; path = House.swift; sourceTree = "<group>"; };
		55D07CD82203A6E5007C03F4 /* Sigil.swift */ = {isa = PBXFileReference; lastKnownFileType = sourcecode.swift; path = Sigil.swift; sourceTree = "<group>"; };
		55D07CDA2203A8A7007C03F4 /* PersonTests.swift */ = {isa = PBXFileReference; lastKnownFileType = sourcecode.swift; path = PersonTests.swift; sourceTree = "<group>"; };
		55D07CDC2203A9EB007C03F4 /* Person.swift */ = {isa = PBXFileReference; lastKnownFileType = sourcecode.swift; path = Person.swift; sourceTree = "<group>"; };
/* End PBXFileReference section */

/* Begin PBXFrameworksBuildPhase section */
		55D07CAD220392AF007C03F4 /* Frameworks */ = {
			isa = PBXFrameworksBuildPhase;
			buildActionMask = 2147483647;
			files = (
			);
			runOnlyForDeploymentPostprocessing = 0;
		};
		55D07CC1220392B2007C03F4 /* Frameworks */ = {
			isa = PBXFrameworksBuildPhase;
			buildActionMask = 2147483647;
			files = (
			);
			runOnlyForDeploymentPostprocessing = 0;
		};
/* End PBXFrameworksBuildPhase section */

/* Begin PBXGroup section */
		555ED68C2208EA0F00A78B14 /* Controllers */ = {
			isa = PBXGroup;
			children = (
				555ED68D2208EA5000A78B14 /* HouseDetailViewController.swift */,
				555ED68E2208EA5000A78B14 /* HouseDetailViewController.xib */,
			);
			path = Controllers;
			sourceTree = "<group>";
		};
		555ED6972208F35E00A78B14 /* Resources */ = {
			isa = PBXGroup;
			children = (
				555ED69B2208F3B000A78B14 /* codeiscoming.png */,
				555ED69C2208F3B000A78B14 /* lannister.jpg */,
				555ED69D2208F3B000A78B14 /* targaryenSmall.jpg */,
			);
			path = Resources;
			sourceTree = "<group>";
		};
		555ED6A12208FEBE00A78B14 /* Additions */ = {
			isa = PBXGroup;
			children = (
				555ED6A22208FF0300A78B14 /* UIViewController+Navigation.swift */,
			);
			path = Additions;
			sourceTree = "<group>";
		};
		55D07CA7220392AF007C03F4 = {
			isa = PBXGroup;
			children = (
				55D07CB2220392AF007C03F4 /* Westeros */,
				55D07CC7220392B2007C03F4 /* WesterosTests */,
				55D07CB1220392AF007C03F4 /* Products */,
			);
			sourceTree = "<group>";
		};
		55D07CB1220392AF007C03F4 /* Products */ = {
			isa = PBXGroup;
			children = (
				55D07CB0220392AF007C03F4 /* Westeros.app */,
				55D07CC4220392B2007C03F4 /* WesterosTests.xctest */,
			);
			name = Products;
			sourceTree = "<group>";
		};
		55D07CB2220392AF007C03F4 /* Westeros */ = {
			isa = PBXGroup;
			children = (
				555ED6A12208FEBE00A78B14 /* Additions */,
				555ED6972208F35E00A78B14 /* Resources */,
				555ED68C2208EA0F00A78B14 /* Controllers */,
				55D07CD522039E0C007C03F4 /* Domain */,
				55D07CB3220392AF007C03F4 /* AppDelegate.swift */,
				55D07CBA220392B1007C03F4 /* Assets.xcassets */,
				55D07CBC220392B1007C03F4 /* LaunchScreen.storyboard */,
				55D07CBF220392B1007C03F4 /* Info.plist */,
			);
			path = Westeros;
			sourceTree = "<group>";
		};
		55D07CC7220392B2007C03F4 /* WesterosTests */ = {
			isa = PBXGroup;
			children = (
				55D07CCA220392B2007C03F4 /* Info.plist */,
				55D07CD322039C3B007C03F4 /* HouseTests.swift */,
				55D07CDA2203A8A7007C03F4 /* PersonTests.swift */,
			);
			path = WesterosTests;
			sourceTree = "<group>";
		};
		55D07CD522039E0C007C03F4 /* Domain */ = {
			isa = PBXGroup;
			children = (
				55D07CD622039E34007C03F4 /* House.swift */,
				55D07CD82203A6E5007C03F4 /* Sigil.swift */,
				55D07CDC2203A9EB007C03F4 /* Person.swift */,
			);
			path = Domain;
			sourceTree = "<group>";
		};
/* End PBXGroup section */

/* Begin PBXNativeTarget section */
		55D07CAF220392AF007C03F4 /* Westeros */ = {
			isa = PBXNativeTarget;
			buildConfigurationList = 55D07CCD220392B2007C03F4 /* Build configuration list for PBXNativeTarget "Westeros" */;
			buildPhases = (
				55D07CAC220392AF007C03F4 /* Sources */,
				55D07CAD220392AF007C03F4 /* Frameworks */,
				55D07CAE220392AF007C03F4 /* Resources */,
			);
			buildRules = (
			);
			dependencies = (
			);
			name = Westeros;
			productName = Westeros;
			productReference = 55D07CB0220392AF007C03F4 /* Westeros.app */;
			productType = "com.apple.product-type.application";
		};
		55D07CC3220392B2007C03F4 /* WesterosTests */ = {
			isa = PBXNativeTarget;
			buildConfigurationList = 55D07CD0220392B2007C03F4 /* Build configuration list for PBXNativeTarget "WesterosTests" */;
			buildPhases = (
				55D07CC0220392B2007C03F4 /* Sources */,
				55D07CC1220392B2007C03F4 /* Frameworks */,
				55D07CC2220392B2007C03F4 /* Resources */,
			);
			buildRules = (
			);
			dependencies = (
				55D07CC6220392B2007C03F4 /* PBXTargetDependency */,
			);
			name = WesterosTests;
			productName = WesterosTests;
			productReference = 55D07CC4220392B2007C03F4 /* WesterosTests.xctest */;
			productType = "com.apple.product-type.bundle.unit-test";
		};
/* End PBXNativeTarget section */

/* Begin PBXProject section */
		55D07CA8220392AF007C03F4 /* Project object */ = {
			isa = PBXProject;
			attributes = {
				LastSwiftUpdateCheck = 1010;
				LastUpgradeCheck = 1010;
				ORGANIZATIONNAME = "Oscar canton";
				TargetAttributes = {
					55D07CAF220392AF007C03F4 = {
						CreatedOnToolsVersion = 10.1;
					};
					55D07CC3220392B2007C03F4 = {
						CreatedOnToolsVersion = 10.1;
						LastSwiftMigration = 1010;
						TestTargetID = 55D07CAF220392AF007C03F4;
					};
				};
			};
			buildConfigurationList = 55D07CAB220392AF007C03F4 /* Build configuration list for PBXProject "Westeros" */;
			compatibilityVersion = "Xcode 9.3";
			developmentRegion = en;
			hasScannedForEncodings = 0;
			knownRegions = (
				en,
				Base,
			);
			mainGroup = 55D07CA7220392AF007C03F4;
			productRefGroup = 55D07CB1220392AF007C03F4 /* Products */;
			projectDirPath = "";
			projectRoot = "";
			targets = (
				55D07CAF220392AF007C03F4 /* Westeros */,
				55D07CC3220392B2007C03F4 /* WesterosTests */,
			);
		};
/* End PBXProject section */

/* Begin PBXResourcesBuildPhase section */
		55D07CAE220392AF007C03F4 /* Resources */ = {
			isa = PBXResourcesBuildPhase;
			buildActionMask = 2147483647;
			files = (
				55D07CBE220392B1007C03F4 /* LaunchScreen.storyboard in Resources */,
				555ED6A02208F3B000A78B14 /* targaryenSmall.jpg in Resources */,
				55D07CBB220392B1007C03F4 /* Assets.xcassets in Resources */,
				555ED69F2208F3B000A78B14 /* lannister.jpg in Resources */,
				555ED6902208EA5000A78B14 /* HouseDetailViewController.xib in Resources */,
				555ED69E2208F3B000A78B14 /* codeiscoming.png in Resources */,
			);
			runOnlyForDeploymentPostprocessing = 0;
		};
		55D07CC2220392B2007C03F4 /* Resources */ = {
			isa = PBXResourcesBuildPhase;
			buildActionMask = 2147483647;
			files = (
			);
			runOnlyForDeploymentPostprocessing = 0;
		};
/* End PBXResourcesBuildPhase section */

/* Begin PBXSourcesBuildPhase section */
		55D07CAC220392AF007C03F4 /* Sources */ = {
			isa = PBXSourcesBuildPhase;
			buildActionMask = 2147483647;
			files = (
				555ED6A32208FF0300A78B14 /* UIViewController+Navigation.swift in Sources */,
				555ED68F2208EA5000A78B14 /* HouseDetailViewController.swift in Sources */,
				55D07CD92203A6E5007C03F4 /* Sigil.swift in Sources */,
				55D07CD722039E34007C03F4 /* House.swift in Sources */,
				55D07CB4220392AF007C03F4 /* AppDelegate.swift in Sources */,
				55D07CDD2203A9EB007C03F4 /* Person.swift in Sources */,
			);
			runOnlyForDeploymentPostprocessing = 0;
		};
		55D07CC0220392B2007C03F4 /* Sources */ = {
			isa = PBXSourcesBuildPhase;
			buildActionMask = 2147483647;
			files = (
				55D07CD422039C3B007C03F4 /* HouseTests.swift in Sources */,
				55D07CDB2203A8A7007C03F4 /* PersonTests.swift in Sources */,
			);
			runOnlyForDeploymentPostprocessing = 0;
		};
/* End PBXSourcesBuildPhase section */

/* Begin PBXTargetDependency section */
		55D07CC6220392B2007C03F4 /* PBXTargetDependency */ = {
			isa = PBXTargetDependency;
			target = 55D07CAF220392AF007C03F4 /* Westeros */;
			targetProxy = 55D07CC5220392B2007C03F4 /* PBXContainerItemProxy */;
		};
/* End PBXTargetDependency section */

/* Begin PBXVariantGroup section */
		55D07CBC220392B1007C03F4 /* LaunchScreen.storyboard */ = {
			isa = PBXVariantGroup;
			children = (
				55D07CBD220392B1007C03F4 /* Base */,
			);
			name = LaunchScreen.storyboard;
			sourceTree = "<group>";
		};
/* End PBXVariantGroup section */

/* Begin XCBuildConfiguration section */
		55D07CCB220392B2007C03F4 /* Debug */ = {
			isa = XCBuildConfiguration;
			buildSettings = {
				ALWAYS_SEARCH_USER_PATHS = NO;
				CLANG_ANALYZER_NONNULL = YES;
				CLANG_ANALYZER_NUMBER_OBJECT_CONVERSION = YES_AGGRESSIVE;
				CLANG_CXX_LANGUAGE_STANDARD = "gnu++14";
				CLANG_CXX_LIBRARY = "libc++";
				CLANG_ENABLE_MODULES = YES;
				CLANG_ENABLE_OBJC_ARC = YES;
				CLANG_ENABLE_OBJC_WEAK = YES;
				CLANG_WARN_BLOCK_CAPTURE_AUTORELEASING = YES;
				CLANG_WARN_BOOL_CONVERSION = YES;
				CLANG_WARN_COMMA = YES;
				CLANG_WARN_CONSTANT_CONVERSION = YES;
				CLANG_WARN_DEPRECATED_OBJC_IMPLEMENTATIONS = YES;
				CLANG_WARN_DIRECT_OBJC_ISA_USAGE = YES_ERROR;
				CLANG_WARN_DOCUMENTATION_COMMENTS = YES;
				CLANG_WARN_EMPTY_BODY = YES;
				CLANG_WARN_ENUM_CONVERSION = YES;
				CLANG_WARN_INFINITE_RECURSION = YES;
				CLANG_WARN_INT_CONVERSION = YES;
				CLANG_WARN_NON_LITERAL_NULL_CONVERSION = YES;
				CLANG_WARN_OBJC_IMPLICIT_RETAIN_SELF = YES;
				CLANG_WARN_OBJC_LITERAL_CONVERSION = YES;
				CLANG_WARN_OBJC_ROOT_CLASS = YES_ERROR;
				CLANG_WARN_RANGE_LOOP_ANALYSIS = YES;
				CLANG_WARN_STRICT_PROTOTYPES = YES;
				CLANG_WARN_SUSPICIOUS_MOVE = YES;
				CLANG_WARN_UNGUARDED_AVAILABILITY = YES_AGGRESSIVE;
				CLANG_WARN_UNREACHABLE_CODE = YES;
				CLANG_WARN__DUPLICATE_METHOD_MATCH = YES;
				CODE_SIGN_IDENTITY = "iPhone Developer";
				COPY_PHASE_STRIP = NO;
				DEBUG_INFORMATION_FORMAT = dwarf;
				ENABLE_STRICT_OBJC_MSGSEND = YES;
				ENABLE_TESTABILITY = YES;
				GCC_C_LANGUAGE_STANDARD = gnu11;
				GCC_DYNAMIC_NO_PIC = NO;
				GCC_NO_COMMON_BLOCKS = YES;
				GCC_OPTIMIZATION_LEVEL = 0;
				GCC_PREPROCESSOR_DEFINITIONS = (
					"DEBUG=1",
					"$(inherited)",
				);
				GCC_WARN_64_TO_32_BIT_CONVERSION = YES;
				GCC_WARN_ABOUT_RETURN_TYPE = YES_ERROR;
				GCC_WARN_UNDECLARED_SELECTOR = YES;
				GCC_WARN_UNINITIALIZED_AUTOS = YES_AGGRESSIVE;
				GCC_WARN_UNUSED_FUNCTION = YES;
				GCC_WARN_UNUSED_VARIABLE = YES;
				IPHONEOS_DEPLOYMENT_TARGET = 12.1;
				MTL_ENABLE_DEBUG_INFO = INCLUDE_SOURCE;
				MTL_FAST_MATH = YES;
				ONLY_ACTIVE_ARCH = YES;
				SDKROOT = iphoneos;
				SWIFT_ACTIVE_COMPILATION_CONDITIONS = DEBUG;
				SWIFT_OPTIMIZATION_LEVEL = "-Onone";
			};
			name = Debug;
		};
		55D07CCC220392B2007C03F4 /* Release */ = {
			isa = XCBuildConfiguration;
			buildSettings = {
				ALWAYS_SEARCH_USER_PATHS = NO;
				CLANG_ANALYZER_NONNULL = YES;
				CLANG_ANALYZER_NUMBER_OBJECT_CONVERSION = YES_AGGRESSIVE;
				CLANG_CXX_LANGUAGE_STANDARD = "gnu++14";
				CLANG_CXX_LIBRARY = "libc++";
				CLANG_ENABLE_MODULES = YES;
				CLANG_ENABLE_OBJC_ARC = YES;
				CLANG_ENABLE_OBJC_WEAK = YES;
				CLANG_WARN_BLOCK_CAPTURE_AUTORELEASING = YES;
				CLANG_WARN_BOOL_CONVERSION = YES;
				CLANG_WARN_COMMA = YES;
				CLANG_WARN_CONSTANT_CONVERSION = YES;
				CLANG_WARN_DEPRECATED_OBJC_IMPLEMENTATIONS = YES;
				CLANG_WARN_DIRECT_OBJC_ISA_USAGE = YES_ERROR;
				CLANG_WARN_DOCUMENTATION_COMMENTS = YES;
				CLANG_WARN_EMPTY_BODY = YES;
				CLANG_WARN_ENUM_CONVERSION = YES;
				CLANG_WARN_INFINITE_RECURSION = YES;
				CLANG_WARN_INT_CONVERSION = YES;
				CLANG_WARN_NON_LITERAL_NULL_CONVERSION = YES;
				CLANG_WARN_OBJC_IMPLICIT_RETAIN_SELF = YES;
				CLANG_WARN_OBJC_LITERAL_CONVERSION = YES;
				CLANG_WARN_OBJC_ROOT_CLASS = YES_ERROR;
				CLANG_WARN_RANGE_LOOP_ANALYSIS = YES;
				CLANG_WARN_STRICT_PROTOTYPES = YES;
				CLANG_WARN_SUSPICIOUS_MOVE = YES;
				CLANG_WARN_UNGUARDED_AVAILABILITY = YES_AGGRESSIVE;
				CLANG_WARN_UNREACHABLE_CODE = YES;
				CLANG_WARN__DUPLICATE_METHOD_MATCH = YES;
				CODE_SIGN_IDENTITY = "iPhone Developer";
				COPY_PHASE_STRIP = NO;
				DEBUG_INFORMATION_FORMAT = "dwarf-with-dsym";
				ENABLE_NS_ASSERTIONS = NO;
				ENABLE_STRICT_OBJC_MSGSEND = YES;
				GCC_C_LANGUAGE_STANDARD = gnu11;
				GCC_NO_COMMON_BLOCKS = YES;
				GCC_WARN_64_TO_32_BIT_CONVERSION = YES;
				GCC_WARN_ABOUT_RETURN_TYPE = YES_ERROR;
				GCC_WARN_UNDECLARED_SELECTOR = YES;
				GCC_WARN_UNINITIALIZED_AUTOS = YES_AGGRESSIVE;
				GCC_WARN_UNUSED_FUNCTION = YES;
				GCC_WARN_UNUSED_VARIABLE = YES;
				IPHONEOS_DEPLOYMENT_TARGET = 12.1;
				MTL_ENABLE_DEBUG_INFO = NO;
				MTL_FAST_MATH = YES;
				SDKROOT = iphoneos;
				SWIFT_COMPILATION_MODE = wholemodule;
				SWIFT_OPTIMIZATION_LEVEL = "-O";
				VALIDATE_PRODUCT = YES;
			};
			name = Release;
		};
		55D07CCE220392B2007C03F4 /* Debug */ = {
			isa = XCBuildConfiguration;
			buildSettings = {
				ASSETCATALOG_COMPILER_APPICON_NAME = AppIcon;
				CODE_SIGN_STYLE = Automatic;
				DEVELOPMENT_TEAM = 6HH388TUA8;
				INFOPLIST_FILE = Westeros/Info.plist;
				LD_RUNPATH_SEARCH_PATHS = (
					"$(inherited)",
					"@executable_path/Frameworks",
				);
				PRODUCT_BUNDLE_IDENTIFIER = com.hispacode.Westeros;
				PRODUCT_NAME = "$(TARGET_NAME)";
				SWIFT_VERSION = 4.2;
				TARGETED_DEVICE_FAMILY = "1,2";
			};
			name = Debug;
		};
		55D07CCF220392B2007C03F4 /* Release */ = {
			isa = XCBuildConfiguration;
			buildSettings = {
				ASSETCATALOG_COMPILER_APPICON_NAME = AppIcon;
				CODE_SIGN_STYLE = Automatic;
				DEVELOPMENT_TEAM = 6HH388TUA8;
				INFOPLIST_FILE = Westeros/Info.plist;
				LD_RUNPATH_SEARCH_PATHS = (
					"$(inherited)",
					"@executable_path/Frameworks",
				);
				PRODUCT_BUNDLE_IDENTIFIER = com.hispacode.Westeros;
				PRODUCT_NAME = "$(TARGET_NAME)";
				SWIFT_VERSION = 4.2;
				TARGETED_DEVICE_FAMILY = "1,2";
			};
			name = Release;
		};
		55D07CD1220392B2007C03F4 /* Debug */ = {
			isa = XCBuildConfiguration;
			buildSettings = {
				ALWAYS_EMBED_SWIFT_STANDARD_LIBRARIES = YES;
				BUNDLE_LOADER = "$(TEST_HOST)";
				CLANG_ENABLE_MODULES = YES;
				CODE_SIGN_STYLE = Automatic;
				DEVELOPMENT_TEAM = 6HH388TUA8;
				INFOPLIST_FILE = WesterosTests/Info.plist;
				LD_RUNPATH_SEARCH_PATHS = (
					"$(inherited)",
					"@executable_path/Frameworks",
					"@loader_path/Frameworks",
				);
				PRODUCT_BUNDLE_IDENTIFIER = com.hispacode.WesterosTests;
				PRODUCT_NAME = "$(TARGET_NAME)";
				SWIFT_OPTIMIZATION_LEVEL = "-Onone";
				SWIFT_VERSION = 4.2;
				TARGETED_DEVICE_FAMILY = "1,2";
				TEST_HOST = "$(BUILT_PRODUCTS_DIR)/Westeros.app/Westeros";
			};
			name = Debug;
		};
		55D07CD2220392B2007C03F4 /* Release */ = {
			isa = XCBuildConfiguration;
			buildSettings = {
				ALWAYS_EMBED_SWIFT_STANDARD_LIBRARIES = YES;
				BUNDLE_LOADER = "$(TEST_HOST)";
				CLANG_ENABLE_MODULES = YES;
				CODE_SIGN_STYLE = Automatic;
				DEVELOPMENT_TEAM = 6HH388TUA8;
				INFOPLIST_FILE = WesterosTests/Info.plist;
				LD_RUNPATH_SEARCH_PATHS = (
					"$(inherited)",
					"@executable_path/Frameworks",
					"@loader_path/Frameworks",
				);
				PRODUCT_BUNDLE_IDENTIFIER = com.hispacode.WesterosTests;
				PRODUCT_NAME = "$(TARGET_NAME)";
				SWIFT_VERSION = 4.2;
				TARGETED_DEVICE_FAMILY = "1,2";
				TEST_HOST = "$(BUILT_PRODUCTS_DIR)/Westeros.app/Westeros";
			};
			name = Release;
		};
/* End XCBuildConfiguration section */

/* Begin XCConfigurationList section */
		55D07CAB220392AF007C03F4 /* Build configuration list for PBXProject "Westeros" */ = {
			isa = XCConfigurationList;
			buildConfigurations = (
				55D07CCB220392B2007C03F4 /* Debug */,
				55D07CCC220392B2007C03F4 /* Release */,
			);
			defaultConfigurationIsVisible = 0;
			defaultConfigurationName = Release;
		};
		55D07CCD220392B2007C03F4 /* Build configuration list for PBXNativeTarget "Westeros" */ = {
			isa = XCConfigurationList;
			buildConfigurations = (
				55D07CCE220392B2007C03F4 /* Debug */,
				55D07CCF220392B2007C03F4 /* Release */,
			);
			defaultConfigurationIsVisible = 0;
			defaultConfigurationName = Release;
		};
		55D07CD0220392B2007C03F4 /* Build configuration list for PBXNativeTarget "WesterosTests" */ = {
			isa = XCConfigurationList;
			buildConfigurations = (
				55D07CD1220392B2007C03F4 /* Debug */,
				55D07CD2220392B2007C03F4 /* Release */,
			);
			defaultConfigurationIsVisible = 0;
			defaultConfigurationName = Release;
		};
/* End XCConfigurationList section */
	};
	rootObject = 55D07CA8220392AF007C03F4 /* Project object */;
}
